// !$*UTF8*$!
{
	archiveVersion = 1;
	classes = {
	};
	objectVersion = 50;
	objects = {

/* Begin PBXBuildFile section */
		130B0A3C25292A3A00D82BDC /* AppDelegate.swift in Sources */ = {isa = PBXBuildFile; fileRef = 130B0A3B25292A3A00D82BDC /* AppDelegate.swift */; };
		130B0A3E25292A3A00D82BDC /* ContentView.swift in Sources */ = {isa = PBXBuildFile; fileRef = 130B0A3D25292A3A00D82BDC /* ContentView.swift */; };
		130B0A4025292A3A00D82BDC /* Experience.rcproject in Sources */ = {isa = PBXBuildFile; fileRef = 130B0A3F25292A3A00D82BDC /* Experience.rcproject */; };
		130B0A4225292A3C00D82BDC /* Assets.xcassets in Resources */ = {isa = PBXBuildFile; fileRef = 130B0A4125292A3C00D82BDC /* Assets.xcassets */; };
		130B0A4525292A3C00D82BDC /* Preview Assets.xcassets in Resources */ = {isa = PBXBuildFile; fileRef = 130B0A4425292A3C00D82BDC /* Preview Assets.xcassets */; };
		130B0A5025292A3C00D82BDC /* EmpathyBytesTests.swift in Sources */ = {isa = PBXBuildFile; fileRef = 130B0A4F25292A3C00D82BDC /* EmpathyBytesTests.swift */; };
		130B0A5B25292A3C00D82BDC /* EmpathyBytesUITests.swift in Sources */ = {isa = PBXBuildFile; fileRef = 130B0A5A25292A3C00D82BDC /* EmpathyBytesUITests.swift */; };
/* End PBXBuildFile section */

/* Begin PBXContainerItemProxy section */
		130B0A4C25292A3C00D82BDC /* PBXContainerItemProxy */ = {
			isa = PBXContainerItemProxy;
			containerPortal = 130B0A3025292A3A00D82BDC /* Project object */;
			proxyType = 1;
			remoteGlobalIDString = 130B0A3725292A3A00D82BDC;
			remoteInfo = EmpathyBytes;
		};
		130B0A5725292A3C00D82BDC /* PBXContainerItemProxy */ = {
			isa = PBXContainerItemProxy;
			containerPortal = 130B0A3025292A3A00D82BDC /* Project object */;
			proxyType = 1;
			remoteGlobalIDString = 130B0A3725292A3A00D82BDC;
			remoteInfo = EmpathyBytes;
		};
/* End PBXContainerItemProxy section */

/* Begin PBXFileReference section */
		130B0A3825292A3A00D82BDC /* EmpathyBytes.app */ = {isa = PBXFileReference; explicitFileType = wrapper.application; includeInIndex = 0; path = EmpathyBytes.app; sourceTree = BUILT_PRODUCTS_DIR; };
		130B0A3B25292A3A00D82BDC /* AppDelegate.swift */ = {isa = PBXFileReference; lastKnownFileType = sourcecode.swift; path = AppDelegate.swift; sourceTree = "<group>"; };
		130B0A3D25292A3A00D82BDC /* ContentView.swift */ = {isa = PBXFileReference; lastKnownFileType = sourcecode.swift; path = ContentView.swift; sourceTree = "<group>"; };
		130B0A3F25292A3A00D82BDC /* Experience.rcproject */ = {isa = PBXFileReference; lastKnownFileType = file.rcproject; path = Experience.rcproject; sourceTree = "<group>"; };
		130B0A4125292A3C00D82BDC /* Assets.xcassets */ = {isa = PBXFileReference; lastKnownFileType = folder.assetcatalog; path = Assets.xcassets; sourceTree = "<group>"; };
		130B0A4425292A3C00D82BDC /* Preview Assets.xcassets */ = {isa = PBXFileReference; lastKnownFileType = folder.assetcatalog; path = "Preview Assets.xcassets"; sourceTree = "<group>"; };
		130B0A4625292A3C00D82BDC /* Info.plist */ = {isa = PBXFileReference; lastKnownFileType = text.plist.xml; path = Info.plist; sourceTree = "<group>"; };
		130B0A4B25292A3C00D82BDC /* EmpathyBytesTests.xctest */ = {isa = PBXFileReference; explicitFileType = wrapper.cfbundle; includeInIndex = 0; path = EmpathyBytesTests.xctest; sourceTree = BUILT_PRODUCTS_DIR; };
		130B0A4F25292A3C00D82BDC /* EmpathyBytesTests.swift */ = {isa = PBXFileReference; lastKnownFileType = sourcecode.swift; path = EmpathyBytesTests.swift; sourceTree = "<group>"; };
		130B0A5125292A3C00D82BDC /* Info.plist */ = {isa = PBXFileReference; lastKnownFileType = text.plist.xml; path = Info.plist; sourceTree = "<group>"; };
		130B0A5625292A3C00D82BDC /* EmpathyBytesUITests.xctest */ = {isa = PBXFileReference; explicitFileType = wrapper.cfbundle; includeInIndex = 0; path = EmpathyBytesUITests.xctest; sourceTree = BUILT_PRODUCTS_DIR; };
		130B0A5A25292A3C00D82BDC /* EmpathyBytesUITests.swift */ = {isa = PBXFileReference; lastKnownFileType = sourcecode.swift; path = EmpathyBytesUITests.swift; sourceTree = "<group>"; };
		130B0A5C25292A3C00D82BDC /* Info.plist */ = {isa = PBXFileReference; lastKnownFileType = text.plist.xml; path = Info.plist; sourceTree = "<group>"; };
/* End PBXFileReference section */

/* Begin PBXFrameworksBuildPhase section */
		130B0A3525292A3A00D82BDC /* Frameworks */ = {
			isa = PBXFrameworksBuildPhase;
			buildActionMask = 2147483647;
			files = (
			);
			runOnlyForDeploymentPostprocessing = 0;
		};
		130B0A4825292A3C00D82BDC /* Frameworks */ = {
			isa = PBXFrameworksBuildPhase;
			buildActionMask = 2147483647;
			files = (
			);
			runOnlyForDeploymentPostprocessing = 0;
		};
		130B0A5325292A3C00D82BDC /* Frameworks */ = {
			isa = PBXFrameworksBuildPhase;
			buildActionMask = 2147483647;
			files = (
			);
			runOnlyForDeploymentPostprocessing = 0;
		};
/* End PBXFrameworksBuildPhase section */

/* Begin PBXGroup section */
		130B0A2F25292A3A00D82BDC = {
			isa = PBXGroup;
			children = (
				130B0A3A25292A3A00D82BDC /* EmpathyBytes */,
				130B0A4E25292A3C00D82BDC /* EmpathyBytesTests */,
				130B0A5925292A3C00D82BDC /* EmpathyBytesUITests */,
				130B0A3925292A3A00D82BDC /* Products */,
			);
			sourceTree = "<group>";
		};
		130B0A3925292A3A00D82BDC /* Products */ = {
			isa = PBXGroup;
			children = (
				130B0A3825292A3A00D82BDC /* EmpathyBytes.app */,
				130B0A4B25292A3C00D82BDC /* EmpathyBytesTests.xctest */,
				130B0A5625292A3C00D82BDC /* EmpathyBytesUITests.xctest */,
			);
			name = Products;
			sourceTree = "<group>";
		};
		130B0A3A25292A3A00D82BDC /* EmpathyBytes */ = {
			isa = PBXGroup;
			children = (
				130B0A3B25292A3A00D82BDC /* AppDelegate.swift */,
				130B0A3D25292A3A00D82BDC /* ContentView.swift */,
				130B0A3F25292A3A00D82BDC /* Experience.rcproject */,
				130B0A4125292A3C00D82BDC /* Assets.xcassets */,
				130B0A4625292A3C00D82BDC /* Info.plist */,
				130B0A4325292A3C00D82BDC /* Preview Content */,
			);
			path = EmpathyBytes;
			sourceTree = "<group>";
		};
		130B0A4325292A3C00D82BDC /* Preview Content */ = {
			isa = PBXGroup;
			children = (
				130B0A4425292A3C00D82BDC /* Preview Assets.xcassets */,
			);
			path = "Preview Content";
			sourceTree = "<group>";
		};
		130B0A4E25292A3C00D82BDC /* EmpathyBytesTests */ = {
			isa = PBXGroup;
			children = (
				130B0A4F25292A3C00D82BDC /* EmpathyBytesTests.swift */,
				130B0A5125292A3C00D82BDC /* Info.plist */,
			);
			path = EmpathyBytesTests;
			sourceTree = "<group>";
		};
		130B0A5925292A3C00D82BDC /* EmpathyBytesUITests */ = {
			isa = PBXGroup;
			children = (
				130B0A5A25292A3C00D82BDC /* EmpathyBytesUITests.swift */,
				130B0A5C25292A3C00D82BDC /* Info.plist */,
			);
			path = EmpathyBytesUITests;
			sourceTree = "<group>";
		};
/* End PBXGroup section */

/* Begin PBXNativeTarget section */
		130B0A3725292A3A00D82BDC /* EmpathyBytes */ = {
			isa = PBXNativeTarget;
			buildConfigurationList = 130B0A5F25292A3C00D82BDC /* Build configuration list for PBXNativeTarget "EmpathyBytes" */;
			buildPhases = (
				130B0A3425292A3A00D82BDC /* Sources */,
				130B0A3525292A3A00D82BDC /* Frameworks */,
				130B0A3625292A3A00D82BDC /* Resources */,
			);
			buildRules = (
			);
			dependencies = (
			);
			name = EmpathyBytes;
			productName = EmpathyBytes;
			productReference = 130B0A3825292A3A00D82BDC /* EmpathyBytes.app */;
			productType = "com.apple.product-type.application";
		};
		130B0A4A25292A3C00D82BDC /* EmpathyBytesTests */ = {
			isa = PBXNativeTarget;
			buildConfigurationList = 130B0A6225292A3C00D82BDC /* Build configuration list for PBXNativeTarget "EmpathyBytesTests" */;
			buildPhases = (
				130B0A4725292A3C00D82BDC /* Sources */,
				130B0A4825292A3C00D82BDC /* Frameworks */,
				130B0A4925292A3C00D82BDC /* Resources */,
			);
			buildRules = (
			);
			dependencies = (
				130B0A4D25292A3C00D82BDC /* PBXTargetDependency */,
			);
			name = EmpathyBytesTests;
			productName = EmpathyBytesTests;
			productReference = 130B0A4B25292A3C00D82BDC /* EmpathyBytesTests.xctest */;
			productType = "com.apple.product-type.bundle.unit-test";
		};
		130B0A5525292A3C00D82BDC /* EmpathyBytesUITests */ = {
			isa = PBXNativeTarget;
			buildConfigurationList = 130B0A6525292A3C00D82BDC /* Build configuration list for PBXNativeTarget "EmpathyBytesUITests" */;
			buildPhases = (
				130B0A5225292A3C00D82BDC /* Sources */,
				130B0A5325292A3C00D82BDC /* Frameworks */,
				130B0A5425292A3C00D82BDC /* Resources */,
			);
			buildRules = (
			);
			dependencies = (
				130B0A5825292A3C00D82BDC /* PBXTargetDependency */,
			);
			name = EmpathyBytesUITests;
			productName = EmpathyBytesUITests;
			productReference = 130B0A5625292A3C00D82BDC /* EmpathyBytesUITests.xctest */;
			productType = "com.apple.product-type.bundle.ui-testing";
		};
/* End PBXNativeTarget section */

/* Begin PBXProject section */
		130B0A3025292A3A00D82BDC /* Project object */ = {
			isa = PBXProject;
			attributes = {
				LastSwiftUpdateCheck = 1200;
				LastUpgradeCheck = 1200;
				TargetAttributes = {
					130B0A3725292A3A00D82BDC = {
						CreatedOnToolsVersion = 12.0.1;
					};
					130B0A4A25292A3C00D82BDC = {
						CreatedOnToolsVersion = 12.0.1;
						TestTargetID = 130B0A3725292A3A00D82BDC;
					};
					130B0A5525292A3C00D82BDC = {
						CreatedOnToolsVersion = 12.0.1;
						TestTargetID = 130B0A3725292A3A00D82BDC;
					};
				};
			};
			buildConfigurationList = 130B0A3325292A3A00D82BDC /* Build configuration list for PBXProject "EmpathyBytes" */;
			compatibilityVersion = "Xcode 9.3";
			developmentRegion = en;
			hasScannedForEncodings = 0;
			knownRegions = (
				en,
				Base,
			);
			mainGroup = 130B0A2F25292A3A00D82BDC;
			productRefGroup = 130B0A3925292A3A00D82BDC /* Products */;
			projectDirPath = "";
			projectRoot = "";
			targets = (
				130B0A3725292A3A00D82BDC /* EmpathyBytes */,
				130B0A4A25292A3C00D82BDC /* EmpathyBytesTests */,
				130B0A5525292A3C00D82BDC /* EmpathyBytesUITests */,
			);
		};
/* End PBXProject section */

/* Begin PBXResourcesBuildPhase section */
		130B0A3625292A3A00D82BDC /* Resources */ = {
			isa = PBXResourcesBuildPhase;
			buildActionMask = 2147483647;
			files = (
				130B0A4525292A3C00D82BDC /* Preview Assets.xcassets in Resources */,
				130B0A4225292A3C00D82BDC /* Assets.xcassets in Resources */,
			);
			runOnlyForDeploymentPostprocessing = 0;
		};
		130B0A4925292A3C00D82BDC /* Resources */ = {
			isa = PBXResourcesBuildPhase;
			buildActionMask = 2147483647;
			files = (
			);
			runOnlyForDeploymentPostprocessing = 0;
		};
		130B0A5425292A3C00D82BDC /* Resources */ = {
			isa = PBXResourcesBuildPhase;
			buildActionMask = 2147483647;
			files = (
			);
			runOnlyForDeploymentPostprocessing = 0;
		};
/* End PBXResourcesBuildPhase section */

/* Begin PBXSourcesBuildPhase section */
		130B0A3425292A3A00D82BDC /* Sources */ = {
			isa = PBXSourcesBuildPhase;
			buildActionMask = 2147483647;
			files = (
				130B0A3E25292A3A00D82BDC /* ContentView.swift in Sources */,
				130B0A3C25292A3A00D82BDC /* AppDelegate.swift in Sources */,
				130B0A4025292A3A00D82BDC /* Experience.rcproject in Sources */,
			);
			runOnlyForDeploymentPostprocessing = 0;
		};
		130B0A4725292A3C00D82BDC /* Sources */ = {
			isa = PBXSourcesBuildPhase;
			buildActionMask = 2147483647;
			files = (
				130B0A5025292A3C00D82BDC /* EmpathyBytesTests.swift in Sources */,
			);
			runOnlyForDeploymentPostprocessing = 0;
		};
		130B0A5225292A3C00D82BDC /* Sources */ = {
			isa = PBXSourcesBuildPhase;
			buildActionMask = 2147483647;
			files = (
				130B0A5B25292A3C00D82BDC /* EmpathyBytesUITests.swift in Sources */,
			);
			runOnlyForDeploymentPostprocessing = 0;
		};
/* End PBXSourcesBuildPhase section */

/* Begin PBXTargetDependency section */
		130B0A4D25292A3C00D82BDC /* PBXTargetDependency */ = {
			isa = PBXTargetDependency;
			target = 130B0A3725292A3A00D82BDC /* EmpathyBytes */;
			targetProxy = 130B0A4C25292A3C00D82BDC /* PBXContainerItemProxy */;
		};
		130B0A5825292A3C00D82BDC /* PBXTargetDependency */ = {
			isa = PBXTargetDependency;
			target = 130B0A3725292A3A00D82BDC /* EmpathyBytes */;
			targetProxy = 130B0A5725292A3C00D82BDC /* PBXContainerItemProxy */;
		};
/* End PBXTargetDependency section */

/* Begin XCBuildConfiguration section */
		130B0A5D25292A3C00D82BDC /* Debug */ = {
			isa = XCBuildConfiguration;
			buildSettings = {
				ALWAYS_SEARCH_USER_PATHS = NO;
				CLANG_ANALYZER_NONNULL = YES;
				CLANG_ANALYZER_NUMBER_OBJECT_CONVERSION = YES_AGGRESSIVE;
				CLANG_CXX_LANGUAGE_STANDARD = "gnu++14";
				CLANG_CXX_LIBRARY = "libc++";
				CLANG_ENABLE_MODULES = YES;
				CLANG_ENABLE_OBJC_ARC = YES;
				CLANG_ENABLE_OBJC_WEAK = YES;
				CLANG_WARN_BLOCK_CAPTURE_AUTORELEASING = YES;
				CLANG_WARN_BOOL_CONVERSION = YES;
				CLANG_WARN_COMMA = YES;
				CLANG_WARN_CONSTANT_CONVERSION = YES;
				CLANG_WARN_DEPRECATED_OBJC_IMPLEMENTATIONS = YES;
				CLANG_WARN_DIRECT_OBJC_ISA_USAGE = YES_ERROR;
				CLANG_WARN_DOCUMENTATION_COMMENTS = YES;
				CLANG_WARN_EMPTY_BODY = YES;
				CLANG_WARN_ENUM_CONVERSION = YES;
				CLANG_WARN_INFINITE_RECURSION = YES;
				CLANG_WARN_INT_CONVERSION = YES;
				CLANG_WARN_NON_LITERAL_NULL_CONVERSION = YES;
				CLANG_WARN_OBJC_IMPLICIT_RETAIN_SELF = YES;
				CLANG_WARN_OBJC_LITERAL_CONVERSION = YES;
				CLANG_WARN_OBJC_ROOT_CLASS = YES_ERROR;
				CLANG_WARN_QUOTED_INCLUDE_IN_FRAMEWORK_HEADER = YES;
				CLANG_WARN_RANGE_LOOP_ANALYSIS = YES;
				CLANG_WARN_STRICT_PROTOTYPES = YES;
				CLANG_WARN_SUSPICIOUS_MOVE = YES;
				CLANG_WARN_UNGUARDED_AVAILABILITY = YES_AGGRESSIVE;
				CLANG_WARN_UNREACHABLE_CODE = YES;
				CLANG_WARN__DUPLICATE_METHOD_MATCH = YES;
				COPY_PHASE_STRIP = NO;
				DEBUG_INFORMATION_FORMAT = dwarf;
				ENABLE_STRICT_OBJC_MSGSEND = YES;
				ENABLE_TESTABILITY = YES;
				GCC_C_LANGUAGE_STANDARD = gnu11;
				GCC_DYNAMIC_NO_PIC = NO;
				GCC_NO_COMMON_BLOCKS = YES;
				GCC_OPTIMIZATION_LEVEL = 0;
				GCC_PREPROCESSOR_DEFINITIONS = (
					"DEBUG=1",
					"$(inherited)",
				);
				GCC_WARN_64_TO_32_BIT_CONVERSION = YES;
				GCC_WARN_ABOUT_RETURN_TYPE = YES_ERROR;
				GCC_WARN_UNDECLARED_SELECTOR = YES;
				GCC_WARN_UNINITIALIZED_AUTOS = YES_AGGRESSIVE;
				GCC_WARN_UNUSED_FUNCTION = YES;
				GCC_WARN_UNUSED_VARIABLE = YES;
				IPHONEOS_DEPLOYMENT_TARGET = 14.0;
				MTL_ENABLE_DEBUG_INFO = INCLUDE_SOURCE;
				MTL_FAST_MATH = YES;
				ONLY_ACTIVE_ARCH = YES;
				SDKROOT = iphoneos;
				SWIFT_ACTIVE_COMPILATION_CONDITIONS = DEBUG;
				SWIFT_OPTIMIZATION_LEVEL = "-Onone";
			};
			name = Debug;
		};
		130B0A5E25292A3C00D82BDC /* Release */ = {
			isa = XCBuildConfiguration;
			buildSettings = {
				ALWAYS_SEARCH_USER_PATHS = NO;
				CLANG_ANALYZER_NONNULL = YES;
				CLANG_ANALYZER_NUMBER_OBJECT_CONVERSION = YES_AGGRESSIVE;
				CLANG_CXX_LANGUAGE_STANDARD = "gnu++14";
				CLANG_CXX_LIBRARY = "libc++";
				CLANG_ENABLE_MODULES = YES;
				CLANG_ENABLE_OBJC_ARC = YES;
				CLANG_ENABLE_OBJC_WEAK = YES;
				CLANG_WARN_BLOCK_CAPTURE_AUTORELEASING = YES;
				CLANG_WARN_BOOL_CONVERSION = YES;
				CLANG_WARN_COMMA = YES;
				CLANG_WARN_CONSTANT_CONVERSION = YES;
				CLANG_WARN_DEPRECATED_OBJC_IMPLEMENTATIONS = YES;
				CLANG_WARN_DIRECT_OBJC_ISA_USAGE = YES_ERROR;
				CLANG_WARN_DOCUMENTATION_COMMENTS = YES;
				CLANG_WARN_EMPTY_BODY = YES;
				CLANG_WARN_ENUM_CONVERSION = YES;
				CLANG_WARN_INFINITE_RECURSION = YES;
				CLANG_WARN_INT_CONVERSION = YES;
				CLANG_WARN_NON_LITERAL_NULL_CONVERSION = YES;
				CLANG_WARN_OBJC_IMPLICIT_RETAIN_SELF = YES;
				CLANG_WARN_OBJC_LITERAL_CONVERSION = YES;
				CLANG_WARN_OBJC_ROOT_CLASS = YES_ERROR;
				CLANG_WARN_QUOTED_INCLUDE_IN_FRAMEWORK_HEADER = YES;
				CLANG_WARN_RANGE_LOOP_ANALYSIS = YES;
				CLANG_WARN_STRICT_PROTOTYPES = YES;
				CLANG_WARN_SUSPICIOUS_MOVE = YES;
				CLANG_WARN_UNGUARDED_AVAILABILITY = YES_AGGRESSIVE;
				CLANG_WARN_UNREACHABLE_CODE = YES;
				CLANG_WARN__DUPLICATE_METHOD_MATCH = YES;
				COPY_PHASE_STRIP = NO;
				DEBUG_INFORMATION_FORMAT = "dwarf-with-dsym";
				ENABLE_NS_ASSERTIONS = NO;
				ENABLE_STRICT_OBJC_MSGSEND = YES;
				GCC_C_LANGUAGE_STANDARD = gnu11;
				GCC_NO_COMMON_BLOCKS = YES;
				GCC_WARN_64_TO_32_BIT_CONVERSION = YES;
				GCC_WARN_ABOUT_RETURN_TYPE = YES_ERROR;
				GCC_WARN_UNDECLARED_SELECTOR = YES;
				GCC_WARN_UNINITIALIZED_AUTOS = YES_AGGRESSIVE;
				GCC_WARN_UNUSED_FUNCTION = YES;
				GCC_WARN_UNUSED_VARIABLE = YES;
				IPHONEOS_DEPLOYMENT_TARGET = 14.0;
				MTL_ENABLE_DEBUG_INFO = NO;
				MTL_FAST_MATH = YES;
				SDKROOT = iphoneos;
				SWIFT_COMPILATION_MODE = wholemodule;
				SWIFT_OPTIMIZATION_LEVEL = "-O";
				VALIDATE_PRODUCT = YES;
			};
			name = Release;
		};
		130B0A6025292A3C00D82BDC /* Debug */ = {
			isa = XCBuildConfiguration;
			buildSettings = {
				ASSETCATALOG_COMPILER_APPICON_NAME = AppIcon;
				ASSETCATALOG_COMPILER_GLOBAL_ACCENT_COLOR_NAME = AccentColor;
				CODE_SIGN_STYLE = Automatic;
				DEVELOPMENT_ASSET_PATHS = "\"EmpathyBytes/Preview Content\"";
				ENABLE_PREVIEWS = YES;
				INFOPLIST_FILE = EmpathyBytes/Info.plist;
				LD_RUNPATH_SEARCH_PATHS = (
					"$(inherited)",
					"@executable_path/Frameworks",
				);
				PRODUCT_BUNDLE_IDENTIFIER = com.PranathiSingareddy.EmpathyBytes;
				PRODUCT_NAME = "$(TARGET_NAME)";
				SWIFT_VERSION = 5.0;
				TARGETED_DEVICE_FAMILY = "1,2";
			};
			name = Debug;
		};
		130B0A6125292A3C00D82BDC /* Release */ = {
			isa = XCBuildConfiguration;
			buildSettings = {
				ASSETCATALOG_COMPILER_APPICON_NAME = AppIcon;
				ASSETCATALOG_COMPILER_GLOBAL_ACCENT_COLOR_NAME = AccentColor;
				CODE_SIGN_STYLE = Automatic;
				DEVELOPMENT_ASSET_PATHS = "\"EmpathyBytes/Preview Content\"";
				ENABLE_PREVIEWS = YES;
				INFOPLIST_FILE = EmpathyBytes/Info.plist;
				LD_RUNPATH_SEARCH_PATHS = (
					"$(inherited)",
					"@executable_path/Frameworks",
				);
				PRODUCT_BUNDLE_IDENTIFIER = com.PranathiSingareddy.EmpathyBytes;
				PRODUCT_NAME = "$(TARGET_NAME)";
				SWIFT_VERSION = 5.0;
				TARGETED_DEVICE_FAMILY = "1,2";
			};
			name = Release;
		};
		130B0A6325292A3C00D82BDC /* Debug */ = {
			isa = XCBuildConfiguration;
			buildSettings = {
				ALWAYS_EMBED_SWIFT_STANDARD_LIBRARIES = YES;
				BUNDLE_LOADER = "$(TEST_HOST)";
				CODE_SIGN_STYLE = Automatic;
				INFOPLIST_FILE = EmpathyBytesTests/Info.plist;
				IPHONEOS_DEPLOYMENT_TARGET = 14.0;
				LD_RUNPATH_SEARCH_PATHS = (
					"$(inherited)",
					"@executable_path/Frameworks",
					"@loader_path/Frameworks",
				);
				PRODUCT_BUNDLE_IDENTIFIER = com.PranathiSingareddy.EmpathyBytesTests;
				PRODUCT_NAME = "$(TARGET_NAME)";
				SWIFT_VERSION = 5.0;
				TARGETED_DEVICE_FAMILY = "1,2";
				TEST_HOST = "$(BUILT_PRODUCTS_DIR)/EmpathyBytes.app/EmpathyBytes";
			};
			name = Debug;
		};
		130B0A6425292A3C00D82BDC /* Release */ = {
			isa = XCBuildConfiguration;
			buildSettings = {
				ALWAYS_EMBED_SWIFT_STANDARD_LIBRARIES = YES;
				BUNDLE_LOADER = "$(TEST_HOST)";
				CODE_SIGN_STYLE = Automatic;
				INFOPLIST_FILE = EmpathyBytesTests/Info.plist;
				IPHONEOS_DEPLOYMENT_TARGET = 14.0;
				LD_RUNPATH_SEARCH_PATHS = (
					"$(inherited)",
					"@executable_path/Frameworks",
					"@loader_path/Frameworks",
				);
				PRODUCT_BUNDLE_IDENTIFIER = com.PranathiSingareddy.EmpathyBytesTests;
				PRODUCT_NAME = "$(TARGET_NAME)";
				SWIFT_VERSION = 5.0;
				TARGETED_DEVICE_FAMILY = "1,2";
				TEST_HOST = "$(BUILT_PRODUCTS_DIR)/EmpathyBytes.app/EmpathyBytes";
			};
			name = Release;
		};
		130B0A6625292A3C00D82BDC /* Debug */ = {
			isa = XCBuildConfiguration;
			buildSettings = {
				ALWAYS_EMBED_SWIFT_STANDARD_LIBRARIES = YES;
				CODE_SIGN_STYLE = Automatic;
				INFOPLIST_FILE = EmpathyBytesUITests/Info.plist;
				LD_RUNPATH_SEARCH_PATHS = (
					"$(inherited)",
					"@executable_path/Frameworks",
					"@loader_path/Frameworks",
				);
				PRODUCT_BUNDLE_IDENTIFIER = com.PranathiSingareddy.EmpathyBytesUITests;
				PRODUCT_NAME = "$(TARGET_NAME)";
				SWIFT_VERSION = 5.0;
				TARGETED_DEVICE_FAMILY = "1,2";
				TEST_TARGET_NAME = EmpathyBytes;
			};
			name = Debug;
		};
		130B0A6725292A3C00D82BDC /* Release */ = {
			isa = XCBuildConfiguration;
			buildSettings = {
				ALWAYS_EMBED_SWIFT_STANDARD_LIBRARIES = YES;
				CODE_SIGN_STYLE = Automatic;
				INFOPLIST_FILE = EmpathyBytesUITests/Info.plist;
				LD_RUNPATH_SEARCH_PATHS = (
					"$(inherited)",
					"@executable_path/Frameworks",
					"@loader_path/Frameworks",
				);
				PRODUCT_BUNDLE_IDENTIFIER = com.PranathiSingareddy.EmpathyBytesUITests;
				PRODUCT_NAME = "$(TARGET_NAME)";
				SWIFT_VERSION = 5.0;
				TARGETED_DEVICE_FAMILY = "1,2";
				TEST_TARGET_NAME = EmpathyBytes;
			};
			name = Release;
		};
/* End XCBuildConfiguration section */

/* Begin XCConfigurationList section */
		130B0A3325292A3A00D82BDC /* Build configuration list for PBXProject "EmpathyBytes" */ = {
			isa = XCConfigurationList;
			buildConfigurations = (
				130B0A5D25292A3C00D82BDC /* Debug */,
				130B0A5E25292A3C00D82BDC /* Release */,
			);
			defaultConfigurationIsVisible = 0;
			defaultConfigurationName = Release;
		};
		130B0A5F25292A3C00D82BDC /* Build configuration list for PBXNativeTarget "EmpathyBytes" */ = {
			isa = XCConfigurationList;
			buildConfigurations = (
				130B0A6025292A3C00D82BDC /* Debug */,
				130B0A6125292A3C00D82BDC /* Release */,
			);
			defaultConfigurationIsVisible = 0;
			defaultConfigurationName = Release;
		};
		130B0A6225292A3C00D82BDC /* Build configuration list for PBXNativeTarget "EmpathyBytesTests" */ = {
			isa = XCConfigurationList;
			buildConfigurations = (
				130B0A6325292A3C00D82BDC /* Debug */,
				130B0A6425292A3C00D82BDC /* Release */,
			);
			defaultConfigurationIsVisible = 0;
			defaultConfigurationName = Release;
		};
		130B0A6525292A3C00D82BDC /* Build configuration list for PBXNativeTarget "EmpathyBytesUITests" */ = {
			isa = XCConfigurationList;
			buildConfigurations = (
				130B0A6625292A3C00D82BDC /* Debug */,
				130B0A6725292A3C00D82BDC /* Release */,
			);
			defaultConfigurationIsVisible = 0;
			defaultConfigurationName = Release;
		};
/* End XCConfigurationList section */
	};
	rootObject = 130B0A3025292A3A00D82BDC /* Project object */;
}
