// !$*UTF8*$!
{
	archiveVersion = 1;
	classes = {
	};
	objectVersion = 50;
	objects = {

/* Begin PBXBuildFile section */
		13309BE925499D6C00086521 /* AppDelegate.swift in Sources */ = {isa = PBXBuildFile; fileRef = 13309BE825499D6C00086521 /* AppDelegate.swift */; };
		13671CF82551CA9F009EBBEE /* AboutUs.swift in Sources */ = {isa = PBXBuildFile; fileRef = 13671CF72551CA9F009EBBEE /* AboutUs.swift */; };
		139AF4BC2535F166005654DF /* ContentView.swift in Sources */ = {isa = PBXBuildFile; fileRef = 139AF4BB2535F166005654DF /* ContentView.swift */; };
		139AF4BE2535F167005654DF /* Assets.xcassets in Resources */ = {isa = PBXBuildFile; fileRef = 139AF4BD2535F167005654DF /* Assets.xcassets */; };
		139AF4C12535F167005654DF /* Preview Assets.xcassets in Resources */ = {isa = PBXBuildFile; fileRef = 139AF4C02535F167005654DF /* Preview Assets.xcassets */; };
		139AF4CC2535F167005654DF /* HomeScreenTests.swift in Sources */ = {isa = PBXBuildFile; fileRef = 139AF4CB2535F167005654DF /* HomeScreenTests.swift */; };
		139AF4D72535F167005654DF /* HomeScreenUITests.swift in Sources */ = {isa = PBXBuildFile; fileRef = 139AF4D62535F167005654DF /* HomeScreenUITests.swift */; };
		139AF4EC2535F1BE005654DF /* animatedLogo.mp4 in Resources */ = {isa = PBXBuildFile; fileRef = 139AF4E92535F1BE005654DF /* animatedLogo.mp4 */; };
		139AF4ED2535F1BE005654DF /* logo.gif in Resources */ = {isa = PBXBuildFile; fileRef = 139AF4EA2535F1BE005654DF /* logo.gif */; };
		139AF4F42535F1DE005654DF /* SwiftUIView.swift in Sources */ = {isa = PBXBuildFile; fileRef = 139AF4F32535F1DE005654DF /* SwiftUIView.swift */; };
		139AF4FC2535F515005654DF /* download.png in Resources */ = {isa = PBXBuildFile; fileRef = 139AF4FB2535F515005654DF /* download.png */; };
		139AF5042535F5D6005654DF /* logoGearsTech.jpeg in Resources */ = {isa = PBXBuildFile; fileRef = 139AF5032535F5D6005654DF /* logoGearsTech.jpeg */; };
/* End PBXBuildFile section */

/* Begin PBXContainerItemProxy section */
		139AF4C82535F167005654DF /* PBXContainerItemProxy */ = {
			isa = PBXContainerItemProxy;
			containerPortal = 139AF4AE2535F166005654DF /* Project object */;
			proxyType = 1;
			remoteGlobalIDString = 139AF4B52535F166005654DF;
			remoteInfo = HomeScreen;
		};
		139AF4D32535F167005654DF /* PBXContainerItemProxy */ = {
			isa = PBXContainerItemProxy;
			containerPortal = 139AF4AE2535F166005654DF /* Project object */;
			proxyType = 1;
			remoteGlobalIDString = 139AF4B52535F166005654DF;
			remoteInfo = HomeScreen;
		};
/* End PBXContainerItemProxy section */

/* Begin PBXFileReference section */
		13309BE825499D6C00086521 /* AppDelegate.swift */ = {isa = PBXFileReference; lastKnownFileType = sourcecode.swift; path = AppDelegate.swift; sourceTree = "<group>"; };
		13671CF72551CA9F009EBBEE /* AboutUs.swift */ = {isa = PBXFileReference; lastKnownFileType = sourcecode.swift; path = AboutUs.swift; sourceTree = "<group>"; };
		139AF4B62535F166005654DF /* HomeScreen.app */ = {isa = PBXFileReference; explicitFileType = wrapper.application; includeInIndex = 0; path = HomeScreen.app; sourceTree = BUILT_PRODUCTS_DIR; };
		139AF4BB2535F166005654DF /* ContentView.swift */ = {isa = PBXFileReference; lastKnownFileType = sourcecode.swift; path = ContentView.swift; sourceTree = "<group>"; };
		139AF4BD2535F167005654DF /* Assets.xcassets */ = {isa = PBXFileReference; lastKnownFileType = folder.assetcatalog; path = Assets.xcassets; sourceTree = "<group>"; };
		139AF4C02535F167005654DF /* Preview Assets.xcassets */ = {isa = PBXFileReference; lastKnownFileType = folder.assetcatalog; path = "Preview Assets.xcassets"; sourceTree = "<group>"; };
		139AF4C22535F167005654DF /* Info.plist */ = {isa = PBXFileReference; lastKnownFileType = text.plist.xml; path = Info.plist; sourceTree = "<group>"; };
		139AF4C72535F167005654DF /* HomeScreenTests.xctest */ = {isa = PBXFileReference; explicitFileType = wrapper.cfbundle; includeInIndex = 0; path = HomeScreenTests.xctest; sourceTree = BUILT_PRODUCTS_DIR; };
		139AF4CB2535F167005654DF /* HomeScreenTests.swift */ = {isa = PBXFileReference; lastKnownFileType = sourcecode.swift; path = HomeScreenTests.swift; sourceTree = "<group>"; };
		139AF4CD2535F167005654DF /* Info.plist */ = {isa = PBXFileReference; lastKnownFileType = text.plist.xml; path = Info.plist; sourceTree = "<group>"; };
		139AF4D22535F167005654DF /* HomeScreenUITests.xctest */ = {isa = PBXFileReference; explicitFileType = wrapper.cfbundle; includeInIndex = 0; path = HomeScreenUITests.xctest; sourceTree = BUILT_PRODUCTS_DIR; };
		139AF4D62535F167005654DF /* HomeScreenUITests.swift */ = {isa = PBXFileReference; lastKnownFileType = sourcecode.swift; path = HomeScreenUITests.swift; sourceTree = "<group>"; };
		139AF4D82535F167005654DF /* Info.plist */ = {isa = PBXFileReference; lastKnownFileType = text.plist.xml; path = Info.plist; sourceTree = "<group>"; };
		139AF4E92535F1BE005654DF /* animatedLogo.mp4 */ = {isa = PBXFileReference; lastKnownFileType = file; name = animatedLogo.mp4; path = ../../../../../animatedLogo.mp4; sourceTree = "<group>"; };
		139AF4EA2535F1BE005654DF /* logo.gif */ = {isa = PBXFileReference; lastKnownFileType = image.gif; name = logo.gif; path = ../../../../../logo.gif; sourceTree = "<group>"; };
		139AF4F32535F1DE005654DF /* SwiftUIView.swift */ = {isa = PBXFileReference; lastKnownFileType = sourcecode.swift; path = SwiftUIView.swift; sourceTree = "<group>"; };
		139AF4FB2535F515005654DF /* download.png */ = {isa = PBXFileReference; lastKnownFileType = image.png; name = download.png; path = ../../../../../download.png; sourceTree = "<group>"; };
		139AF5032535F5D6005654DF /* logoGearsTech.jpeg */ = {isa = PBXFileReference; lastKnownFileType = image.jpeg; path = logoGearsTech.jpeg; sourceTree = "<group>"; };
/* End PBXFileReference section */

/* Begin PBXFrameworksBuildPhase section */
		139AF4B32535F166005654DF /* Frameworks */ = {
			isa = PBXFrameworksBuildPhase;
			buildActionMask = 2147483647;
			files = (
			);
			runOnlyForDeploymentPostprocessing = 0;
		};
		139AF4C42535F167005654DF /* Frameworks */ = {
			isa = PBXFrameworksBuildPhase;
			buildActionMask = 2147483647;
			files = (
			);
			runOnlyForDeploymentPostprocessing = 0;
		};
		139AF4CF2535F167005654DF /* Frameworks */ = {
			isa = PBXFrameworksBuildPhase;
			buildActionMask = 2147483647;
			files = (
			);
			runOnlyForDeploymentPostprocessing = 0;
		};
/* End PBXFrameworksBuildPhase section */

/* Begin PBXGroup section */
		139AF4AD2535F166005654DF = {
			isa = PBXGroup;
			children = (
				139AF4B82535F166005654DF /* HomeScreen */,
				139AF4CA2535F167005654DF /* HomeScreenTests */,
				139AF4D52535F167005654DF /* HomeScreenUITests */,
				139AF4B72535F166005654DF /* Products */,
			);
			sourceTree = "<group>";
		};
		139AF4B72535F166005654DF /* Products */ = {
			isa = PBXGroup;
			children = (
				139AF4B62535F166005654DF /* HomeScreen.app */,
				139AF4C72535F167005654DF /* HomeScreenTests.xctest */,
				139AF4D22535F167005654DF /* HomeScreenUITests.xctest */,
			);
			name = Products;
			sourceTree = "<group>";
		};
		139AF4B82535F166005654DF /* HomeScreen */ = {
			isa = PBXGroup;
			children = (
				139AF4BB2535F166005654DF /* ContentView.swift */,
				13671CF72551CA9F009EBBEE /* AboutUs.swift */,
				13309BE825499D6C00086521 /* AppDelegate.swift */,
				139AF4BD2535F167005654DF /* Assets.xcassets */,
				139AF4C22535F167005654DF /* Info.plist */,
				139AF4F22535F1C9005654DF /* UIDesigns */,
				139AF4E82535F199005654DF /* files */,
				139AF4BF2535F167005654DF /* Preview Content */,
			);
			path = HomeScreen;
			sourceTree = "<group>";
		};
		139AF4BF2535F167005654DF /* Preview Content */ = {
			isa = PBXGroup;
			children = (
				139AF4C02535F167005654DF /* Preview Assets.xcassets */,
			);
			path = "Preview Content";
			sourceTree = "<group>";
		};
		139AF4CA2535F167005654DF /* HomeScreenTests */ = {
			isa = PBXGroup;
			children = (
				139AF4CB2535F167005654DF /* HomeScreenTests.swift */,
				139AF4CD2535F167005654DF /* Info.plist */,
			);
			path = HomeScreenTests;
			sourceTree = "<group>";
		};
		139AF4D52535F167005654DF /* HomeScreenUITests */ = {
			isa = PBXGroup;
			children = (
				139AF4D62535F167005654DF /* HomeScreenUITests.swift */,
				139AF4D82535F167005654DF /* Info.plist */,
			);
			path = HomeScreenUITests;
			sourceTree = "<group>";
		};
		139AF4E82535F199005654DF /* files */ = {
			isa = PBXGroup;
			children = (
				139AF4FB2535F515005654DF /* download.png */,
				139AF4E92535F1BE005654DF /* animatedLogo.mp4 */,
				139AF4EA2535F1BE005654DF /* logo.gif */,
				139AF5032535F5D6005654DF /* logoGearsTech.jpeg */,
			);
			path = files;
			sourceTree = "<group>";
		};
		139AF4F22535F1C9005654DF /* UIDesigns */ = {
			isa = PBXGroup;
			children = (
				139AF4F32535F1DE005654DF /* SwiftUIView.swift */,
			);
			path = UIDesigns;
			sourceTree = "<group>";
		};
/* End PBXGroup section */

/* Begin PBXNativeTarget section */
		139AF4B52535F166005654DF /* HomeScreen */ = {
			isa = PBXNativeTarget;
			buildConfigurationList = 139AF4DB2535F167005654DF /* Build configuration list for PBXNativeTarget "HomeScreen" */;
			buildPhases = (
				139AF4B22535F166005654DF /* Sources */,
				139AF4B32535F166005654DF /* Frameworks */,
				139AF4B42535F166005654DF /* Resources */,
			);
			buildRules = (
			);
			dependencies = (
			);
			name = HomeScreen;
			productName = HomeScreen;
			productReference = 139AF4B62535F166005654DF /* HomeScreen.app */;
			productType = "com.apple.product-type.application";
		};
		139AF4C62535F167005654DF /* HomeScreenTests */ = {
			isa = PBXNativeTarget;
			buildConfigurationList = 139AF4DE2535F167005654DF /* Build configuration list for PBXNativeTarget "HomeScreenTests" */;
			buildPhases = (
				139AF4C32535F167005654DF /* Sources */,
				139AF4C42535F167005654DF /* Frameworks */,
				139AF4C52535F167005654DF /* Resources */,
			);
			buildRules = (
			);
			dependencies = (
				139AF4C92535F167005654DF /* PBXTargetDependency */,
			);
			name = HomeScreenTests;
			productName = HomeScreenTests;
			productReference = 139AF4C72535F167005654DF /* HomeScreenTests.xctest */;
			productType = "com.apple.product-type.bundle.unit-test";
		};
		139AF4D12535F167005654DF /* HomeScreenUITests */ = {
			isa = PBXNativeTarget;
			buildConfigurationList = 139AF4E12535F167005654DF /* Build configuration list for PBXNativeTarget "HomeScreenUITests" */;
			buildPhases = (
				139AF4CE2535F167005654DF /* Sources */,
				139AF4CF2535F167005654DF /* Frameworks */,
				139AF4D02535F167005654DF /* Resources */,
			);
			buildRules = (
			);
			dependencies = (
				139AF4D42535F167005654DF /* PBXTargetDependency */,
			);
			name = HomeScreenUITests;
			productName = HomeScreenUITests;
			productReference = 139AF4D22535F167005654DF /* HomeScreenUITests.xctest */;
			productType = "com.apple.product-type.bundle.ui-testing";
		};
/* End PBXNativeTarget section */

/* Begin PBXProject section */
		139AF4AE2535F166005654DF /* Project object */ = {
			isa = PBXProject;
			attributes = {
				LastSwiftUpdateCheck = 1200;
				LastUpgradeCheck = 1200;
				TargetAttributes = {
					139AF4B52535F166005654DF = {
						CreatedOnToolsVersion = 12.0.1;
					};
					139AF4C62535F167005654DF = {
						CreatedOnToolsVersion = 12.0.1;
						TestTargetID = 139AF4B52535F166005654DF;
					};
					139AF4D12535F167005654DF = {
						CreatedOnToolsVersion = 12.0.1;
						TestTargetID = 139AF4B52535F166005654DF;
					};
				};
			};
			buildConfigurationList = 139AF4B12535F166005654DF /* Build configuration list for PBXProject "HomeScreen" */;
			compatibilityVersion = "Xcode 9.3";
			developmentRegion = en;
			hasScannedForEncodings = 0;
			knownRegions = (
				en,
				Base,
			);
			mainGroup = 139AF4AD2535F166005654DF;
			productRefGroup = 139AF4B72535F166005654DF /* Products */;
			projectDirPath = "";
			projectRoot = "";
			targets = (
				139AF4B52535F166005654DF /* HomeScreen */,
				139AF4C62535F167005654DF /* HomeScreenTests */,
				139AF4D12535F167005654DF /* HomeScreenUITests */,
			);
		};
/* End PBXProject section */

/* Begin PBXResourcesBuildPhase section */
		139AF4B42535F166005654DF /* Resources */ = {
			isa = PBXResourcesBuildPhase;
			buildActionMask = 2147483647;
			files = (
				139AF4EC2535F1BE005654DF /* animatedLogo.mp4 in Resources */,
				139AF5042535F5D6005654DF /* logoGearsTech.jpeg in Resources */,
				139AF4ED2535F1BE005654DF /* logo.gif in Resources */,
				139AF4C12535F167005654DF /* Preview Assets.xcassets in Resources */,
				139AF4BE2535F167005654DF /* Assets.xcassets in Resources */,
				139AF4FC2535F515005654DF /* download.png in Resources */,
			);
			runOnlyForDeploymentPostprocessing = 0;
		};
		139AF4C52535F167005654DF /* Resources */ = {
			isa = PBXResourcesBuildPhase;
			buildActionMask = 2147483647;
			files = (
			);
			runOnlyForDeploymentPostprocessing = 0;
		};
		139AF4D02535F167005654DF /* Resources */ = {
			isa = PBXResourcesBuildPhase;
			buildActionMask = 2147483647;
			files = (
			);
			runOnlyForDeploymentPostprocessing = 0;
		};
/* End PBXResourcesBuildPhase section */

/* Begin PBXSourcesBuildPhase section */
		139AF4B22535F166005654DF /* Sources */ = {
			isa = PBXSourcesBuildPhase;
			buildActionMask = 2147483647;
			files = (
				13309BE925499D6C00086521 /* AppDelegate.swift in Sources */,
				139AF4BC2535F166005654DF /* ContentView.swift in Sources */,
				139AF4F42535F1DE005654DF /* SwiftUIView.swift in Sources */,
				13671CF82551CA9F009EBBEE /* AboutUs.swift in Sources */,
			);
			runOnlyForDeploymentPostprocessing = 0;
		};
		139AF4C32535F167005654DF /* Sources */ = {
			isa = PBXSourcesBuildPhase;
			buildActionMask = 2147483647;
			files = (
				139AF4CC2535F167005654DF /* HomeScreenTests.swift in Sources */,
			);
			runOnlyForDeploymentPostprocessing = 0;
		};
		139AF4CE2535F167005654DF /* Sources */ = {
			isa = PBXSourcesBuildPhase;
			buildActionMask = 2147483647;
			files = (
				139AF4D72535F167005654DF /* HomeScreenUITests.swift in Sources */,
			);
			runOnlyForDeploymentPostprocessing = 0;
		};
/* End PBXSourcesBuildPhase section */

/* Begin PBXTargetDependency section */
		139AF4C92535F167005654DF /* PBXTargetDependency */ = {
			isa = PBXTargetDependency;
			target = 139AF4B52535F166005654DF /* HomeScreen */;
			targetProxy = 139AF4C82535F167005654DF /* PBXContainerItemProxy */;
		};
		139AF4D42535F167005654DF /* PBXTargetDependency */ = {
			isa = PBXTargetDependency;
			target = 139AF4B52535F166005654DF /* HomeScreen */;
			targetProxy = 139AF4D32535F167005654DF /* PBXContainerItemProxy */;
		};
/* End PBXTargetDependency section */

/* Begin XCBuildConfiguration section */
		139AF4D92535F167005654DF /* Debug */ = {
			isa = XCBuildConfiguration;
			buildSettings = {
				ALWAYS_SEARCH_USER_PATHS = NO;
				CLANG_ANALYZER_NONNULL = YES;
				CLANG_ANALYZER_NUMBER_OBJECT_CONVERSION = YES_AGGRESSIVE;
				CLANG_CXX_LANGUAGE_STANDARD = "gnu++14";
				CLANG_CXX_LIBRARY = "libc++";
				CLANG_ENABLE_MODULES = YES;
				CLANG_ENABLE_OBJC_ARC = YES;
				CLANG_ENABLE_OBJC_WEAK = YES;
				CLANG_WARN_BLOCK_CAPTURE_AUTORELEASING = YES;
				CLANG_WARN_BOOL_CONVERSION = YES;
				CLANG_WARN_COMMA = YES;
				CLANG_WARN_CONSTANT_CONVERSION = YES;
				CLANG_WARN_DEPRECATED_OBJC_IMPLEMENTATIONS = YES;
				CLANG_WARN_DIRECT_OBJC_ISA_USAGE = YES_ERROR;
				CLANG_WARN_DOCUMENTATION_COMMENTS = YES;
				CLANG_WARN_EMPTY_BODY = YES;
				CLANG_WARN_ENUM_CONVERSION = YES;
				CLANG_WARN_INFINITE_RECURSION = YES;
				CLANG_WARN_INT_CONVERSION = YES;
				CLANG_WARN_NON_LITERAL_NULL_CONVERSION = YES;
				CLANG_WARN_OBJC_IMPLICIT_RETAIN_SELF = YES;
				CLANG_WARN_OBJC_LITERAL_CONVERSION = YES;
				CLANG_WARN_OBJC_ROOT_CLASS = YES_ERROR;
				CLANG_WARN_QUOTED_INCLUDE_IN_FRAMEWORK_HEADER = YES;
				CLANG_WARN_RANGE_LOOP_ANALYSIS = YES;
				CLANG_WARN_STRICT_PROTOTYPES = YES;
				CLANG_WARN_SUSPICIOUS_MOVE = YES;
				CLANG_WARN_UNGUARDED_AVAILABILITY = YES_AGGRESSIVE;
				CLANG_WARN_UNREACHABLE_CODE = YES;
				CLANG_WARN__DUPLICATE_METHOD_MATCH = YES;
				COPY_PHASE_STRIP = NO;
				DEBUG_INFORMATION_FORMAT = dwarf;
				ENABLE_STRICT_OBJC_MSGSEND = YES;
				ENABLE_TESTABILITY = YES;
				GCC_C_LANGUAGE_STANDARD = gnu11;
				GCC_DYNAMIC_NO_PIC = NO;
				GCC_NO_COMMON_BLOCKS = YES;
				GCC_OPTIMIZATION_LEVEL = 0;
				GCC_PREPROCESSOR_DEFINITIONS = (
					"DEBUG=1",
					"$(inherited)",
				);
				GCC_WARN_64_TO_32_BIT_CONVERSION = YES;
				GCC_WARN_ABOUT_RETURN_TYPE = YES_ERROR;
				GCC_WARN_UNDECLARED_SELECTOR = YES;
				GCC_WARN_UNINITIALIZED_AUTOS = YES_AGGRESSIVE;
				GCC_WARN_UNUSED_FUNCTION = YES;
				GCC_WARN_UNUSED_VARIABLE = YES;
				IPHONEOS_DEPLOYMENT_TARGET = 14.0;
				MTL_ENABLE_DEBUG_INFO = INCLUDE_SOURCE;
				MTL_FAST_MATH = YES;
				ONLY_ACTIVE_ARCH = YES;
				SDKROOT = iphoneos;
				SWIFT_ACTIVE_COMPILATION_CONDITIONS = DEBUG;
				SWIFT_OPTIMIZATION_LEVEL = "-Onone";
			};
			name = Debug;
		};
		139AF4DA2535F167005654DF /* Release */ = {
			isa = XCBuildConfiguration;
			buildSettings = {
				ALWAYS_SEARCH_USER_PATHS = NO;
				CLANG_ANALYZER_NONNULL = YES;
				CLANG_ANALYZER_NUMBER_OBJECT_CONVERSION = YES_AGGRESSIVE;
				CLANG_CXX_LANGUAGE_STANDARD = "gnu++14";
				CLANG_CXX_LIBRARY = "libc++";
				CLANG_ENABLE_MODULES = YES;
				CLANG_ENABLE_OBJC_ARC = YES;
				CLANG_ENABLE_OBJC_WEAK = YES;
				CLANG_WARN_BLOCK_CAPTURE_AUTORELEASING = YES;
				CLANG_WARN_BOOL_CONVERSION = YES;
				CLANG_WARN_COMMA = YES;
				CLANG_WARN_CONSTANT_CONVERSION = YES;
				CLANG_WARN_DEPRECATED_OBJC_IMPLEMENTATIONS = YES;
				CLANG_WARN_DIRECT_OBJC_ISA_USAGE = YES_ERROR;
				CLANG_WARN_DOCUMENTATION_COMMENTS = YES;
				CLANG_WARN_EMPTY_BODY = YES;
				CLANG_WARN_ENUM_CONVERSION = YES;
				CLANG_WARN_INFINITE_RECURSION = YES;
				CLANG_WARN_INT_CONVERSION = YES;
				CLANG_WARN_NON_LITERAL_NULL_CONVERSION = YES;
				CLANG_WARN_OBJC_IMPLICIT_RETAIN_SELF = YES;
				CLANG_WARN_OBJC_LITERAL_CONVERSION = YES;
				CLANG_WARN_OBJC_ROOT_CLASS = YES_ERROR;
				CLANG_WARN_QUOTED_INCLUDE_IN_FRAMEWORK_HEADER = YES;
				CLANG_WARN_RANGE_LOOP_ANALYSIS = YES;
				CLANG_WARN_STRICT_PROTOTYPES = YES;
				CLANG_WARN_SUSPICIOUS_MOVE = YES;
				CLANG_WARN_UNGUARDED_AVAILABILITY = YES_AGGRESSIVE;
				CLANG_WARN_UNREACHABLE_CODE = YES;
				CLANG_WARN__DUPLICATE_METHOD_MATCH = YES;
				COPY_PHASE_STRIP = NO;
				DEBUG_INFORMATION_FORMAT = "dwarf-with-dsym";
				ENABLE_NS_ASSERTIONS = NO;
				ENABLE_STRICT_OBJC_MSGSEND = YES;
				GCC_C_LANGUAGE_STANDARD = gnu11;
				GCC_NO_COMMON_BLOCKS = YES;
				GCC_WARN_64_TO_32_BIT_CONVERSION = YES;
				GCC_WARN_ABOUT_RETURN_TYPE = YES_ERROR;
				GCC_WARN_UNDECLARED_SELECTOR = YES;
				GCC_WARN_UNINITIALIZED_AUTOS = YES_AGGRESSIVE;
				GCC_WARN_UNUSED_FUNCTION = YES;
				GCC_WARN_UNUSED_VARIABLE = YES;
				IPHONEOS_DEPLOYMENT_TARGET = 14.0;
				MTL_ENABLE_DEBUG_INFO = NO;
				MTL_FAST_MATH = YES;
				SDKROOT = iphoneos;
				SWIFT_COMPILATION_MODE = wholemodule;
				SWIFT_OPTIMIZATION_LEVEL = "-O";
				VALIDATE_PRODUCT = YES;
			};
			name = Release;
		};
		139AF4DC2535F167005654DF /* Debug */ = {
			isa = XCBuildConfiguration;
			buildSettings = {
				ASSETCATALOG_COMPILER_APPICON_NAME = AppIcon;
				ASSETCATALOG_COMPILER_GLOBAL_ACCENT_COLOR_NAME = AccentColor;
				CODE_SIGN_STYLE = Automatic;
				DEVELOPMENT_ASSET_PATHS = "\"HomeScreen/Preview Content\"";
				DEVELOPMENT_TEAM = N936WTX892;
				ENABLE_PREVIEWS = YES;
				INFOPLIST_FILE = HomeScreen/Info.plist;
				IPHONEOS_DEPLOYMENT_TARGET = 14.0;
				LD_RUNPATH_SEARCH_PATHS = (
					"$(inherited)",
					"@executable_path/Frameworks",
				);
				PRODUCT_BUNDLE_IDENTIFIER = com.PranathiSingareddy.HomeScreen;
				PRODUCT_NAME = "$(TARGET_NAME)";
				SWIFT_VERSION = 5.0;
				TARGETED_DEVICE_FAMILY = "1,2";
			};
			name = Debug;
		};
		139AF4DD2535F167005654DF /* Release */ = {
			isa = XCBuildConfiguration;
			buildSettings = {
				ASSETCATALOG_COMPILER_APPICON_NAME = AppIcon;
				ASSETCATALOG_COMPILER_GLOBAL_ACCENT_COLOR_NAME = AccentColor;
				CODE_SIGN_STYLE = Automatic;
				DEVELOPMENT_ASSET_PATHS = "\"HomeScreen/Preview Content\"";
				DEVELOPMENT_TEAM = N936WTX892;
				ENABLE_PREVIEWS = YES;
				INFOPLIST_FILE = HomeScreen/Info.plist;
				IPHONEOS_DEPLOYMENT_TARGET = 14.0;
				LD_RUNPATH_SEARCH_PATHS = (
					"$(inherited)",
					"@executable_path/Frameworks",
				);
				PRODUCT_BUNDLE_IDENTIFIER = com.PranathiSingareddy.HomeScreen;
				PRODUCT_NAME = "$(TARGET_NAME)";
				SWIFT_VERSION = 5.0;
				TARGETED_DEVICE_FAMILY = "1,2";
			};
			name = Release;
		};
		139AF4DF2535F167005654DF /* Debug */ = {
			isa = XCBuildConfiguration;
			buildSettings = {
				ALWAYS_EMBED_SWIFT_STANDARD_LIBRARIES = YES;
				BUNDLE_LOADER = "$(TEST_HOST)";
				CODE_SIGN_STYLE = Automatic;
				INFOPLIST_FILE = HomeScreenTests/Info.plist;
				IPHONEOS_DEPLOYMENT_TARGET = 14.0;
				LD_RUNPATH_SEARCH_PATHS = (
					"$(inherited)",
					"@executable_path/Frameworks",
					"@loader_path/Frameworks",
				);
				PRODUCT_BUNDLE_IDENTIFIER = com.PranathiSingareddy.HomeScreenTests;
				PRODUCT_NAME = "$(TARGET_NAME)";
				SWIFT_VERSION = 5.0;
				TARGETED_DEVICE_FAMILY = "1,2";
				TEST_HOST = "$(BUILT_PRODUCTS_DIR)/HomeScreen.app/HomeScreen";
			};
			name = Debug;
		};
		139AF4E02535F167005654DF /* Release */ = {
			isa = XCBuildConfiguration;
			buildSettings = {
				ALWAYS_EMBED_SWIFT_STANDARD_LIBRARIES = YES;
				BUNDLE_LOADER = "$(TEST_HOST)";
				CODE_SIGN_STYLE = Automatic;
				INFOPLIST_FILE = HomeScreenTests/Info.plist;
				IPHONEOS_DEPLOYMENT_TARGET = 14.0;
				LD_RUNPATH_SEARCH_PATHS = (
					"$(inherited)",
					"@executable_path/Frameworks",
					"@loader_path/Frameworks",
				);
				PRODUCT_BUNDLE_IDENTIFIER = com.PranathiSingareddy.HomeScreenTests;
				PRODUCT_NAME = "$(TARGET_NAME)";
				SWIFT_VERSION = 5.0;
				TARGETED_DEVICE_FAMILY = "1,2";
				TEST_HOST = "$(BUILT_PRODUCTS_DIR)/HomeScreen.app/HomeScreen";
			};
			name = Release;
		};
		139AF4E22535F167005654DF /* Debug */ = {
			isa = XCBuildConfiguration;
			buildSettings = {
				ALWAYS_EMBED_SWIFT_STANDARD_LIBRARIES = YES;
				CODE_SIGN_STYLE = Automatic;
				INFOPLIST_FILE = HomeScreenUITests/Info.plist;
				LD_RUNPATH_SEARCH_PATHS = (
					"$(inherited)",
					"@executable_path/Frameworks",
					"@loader_path/Frameworks",
				);
				PRODUCT_BUNDLE_IDENTIFIER = com.PranathiSingareddy.HomeScreenUITests;
				PRODUCT_NAME = "$(TARGET_NAME)";
				SWIFT_VERSION = 5.0;
				TARGETED_DEVICE_FAMILY = "1,2";
				TEST_TARGET_NAME = HomeScreen;
			};
			name = Debug;
		};
		139AF4E32535F167005654DF /* Release */ = {
			isa = XCBuildConfiguration;
			buildSettings = {
				ALWAYS_EMBED_SWIFT_STANDARD_LIBRARIES = YES;
				CODE_SIGN_STYLE = Automatic;
				INFOPLIST_FILE = HomeScreenUITests/Info.plist;
				LD_RUNPATH_SEARCH_PATHS = (
					"$(inherited)",
					"@executable_path/Frameworks",
					"@loader_path/Frameworks",
				);
				PRODUCT_BUNDLE_IDENTIFIER = com.PranathiSingareddy.HomeScreenUITests;
				PRODUCT_NAME = "$(TARGET_NAME)";
				SWIFT_VERSION = 5.0;
				TARGETED_DEVICE_FAMILY = "1,2";
				TEST_TARGET_NAME = HomeScreen;
			};
			name = Release;
		};
/* End XCBuildConfiguration section */

/* Begin XCConfigurationList section */
		139AF4B12535F166005654DF /* Build configuration list for PBXProject "HomeScreen" */ = {
			isa = XCConfigurationList;
			buildConfigurations = (
				139AF4D92535F167005654DF /* Debug */,
				139AF4DA2535F167005654DF /* Release */,
			);
			defaultConfigurationIsVisible = 0;
			defaultConfigurationName = Release;
		};
		139AF4DB2535F167005654DF /* Build configuration list for PBXNativeTarget "HomeScreen" */ = {
			isa = XCConfigurationList;
			buildConfigurations = (
				139AF4DC2535F167005654DF /* Debug */,
				139AF4DD2535F167005654DF /* Release */,
			);
			defaultConfigurationIsVisible = 0;
			defaultConfigurationName = Release;
		};
		139AF4DE2535F167005654DF /* Build configuration list for PBXNativeTarget "HomeScreenTests" */ = {
			isa = XCConfigurationList;
			buildConfigurations = (
				139AF4DF2535F167005654DF /* Debug */,
				139AF4E02535F167005654DF /* Release */,
			);
			defaultConfigurationIsVisible = 0;
			defaultConfigurationName = Release;
		};
		139AF4E12535F167005654DF /* Build configuration list for PBXNativeTarget "HomeScreenUITests" */ = {
			isa = XCConfigurationList;
			buildConfigurations = (
				139AF4E22535F167005654DF /* Debug */,
				139AF4E32535F167005654DF /* Release */,
			);
			defaultConfigurationIsVisible = 0;
			defaultConfigurationName = Release;
		};
/* End XCConfigurationList section */
	};
	rootObject = 139AF4AE2535F166005654DF /* Project object */;
}
